// !$*UTF8*$!
{
	archiveVersion = 1;
	classes = {
	};
	objectVersion = 50;
	objects = {

/* Begin PBXBuildFile section */
		4D23EDD322EECBE4003A9C20 /* AppDelegate.swift in Sources */ = {isa = PBXBuildFile; fileRef = 4D23EDD222EECBE4003A9C20 /* AppDelegate.swift */; };
		4D23EDD522EECBE4003A9C20 /* ViewController.swift in Sources */ = {isa = PBXBuildFile; fileRef = 4D23EDD422EECBE4003A9C20 /* ViewController.swift */; };
		4D23EDD822EECBE5003A9C20 /* Main.storyboard in Resources */ = {isa = PBXBuildFile; fileRef = 4D23EDD622EECBE5003A9C20 /* Main.storyboard */; };
		4D23EDDB22EECBE5003A9C20 /* VowLink.xcdatamodeld in Sources */ = {isa = PBXBuildFile; fileRef = 4D23EDD922EECBE5003A9C20 /* VowLink.xcdatamodeld */; };
		4D23EDDD22EECBE5003A9C20 /* Assets.xcassets in Resources */ = {isa = PBXBuildFile; fileRef = 4D23EDDC22EECBE5003A9C20 /* Assets.xcassets */; };
		4D23EDE022EECBE5003A9C20 /* LaunchScreen.storyboard in Resources */ = {isa = PBXBuildFile; fileRef = 4D23EDDE22EECBE5003A9C20 /* LaunchScreen.storyboard */; };
		4D23EDEB22EECBE5003A9C20 /* VowLinkTests.swift in Sources */ = {isa = PBXBuildFile; fileRef = 4D23EDEA22EECBE5003A9C20 /* VowLinkTests.swift */; };
		4D23EDF622EECBE5003A9C20 /* VowLinkUITests.swift in Sources */ = {isa = PBXBuildFile; fileRef = 4D23EDF522EECBE5003A9C20 /* VowLinkUITests.swift */; };
		4D23EE0422EECBFD003A9C20 /* PeerToPeer.swift in Sources */ = {isa = PBXBuildFile; fileRef = 4D23EE0322EECBFD003A9C20 /* PeerToPeer.swift */; };
		4D23EE2D22EF1EBC003A9C20 /* messages.pb.swift in Sources */ = {isa = PBXBuildFile; fileRef = 4D23EE2C22EF1EBC003A9C20 /* messages.pb.swift */; };
		4D23EEB022EF2E13003A9C20 /* Sodium.framework in Frameworks */ = {isa = PBXBuildFile; fileRef = 4D23EE7922EF2CEE003A9C20 /* Sodium.framework */; };
		4D23EEB122EF2E13003A9C20 /* Sodium.framework in Embed Frameworks */ = {isa = PBXBuildFile; fileRef = 4D23EE7922EF2CEE003A9C20 /* Sodium.framework */; settings = {ATTRIBUTES = (CodeSignOnCopy, RemoveHeadersOnCopy, ); }; };
		4D23EEB422EF2E13003A9C20 /* SwiftProtobuf.framework in Frameworks */ = {isa = PBXBuildFile; fileRef = 4D23EE9722EF2CEF003A9C20 /* SwiftProtobuf.framework */; };
		4D23EEB522EF2E13003A9C20 /* SwiftProtobuf.framework in Embed Frameworks */ = {isa = PBXBuildFile; fileRef = 4D23EE9722EF2CEF003A9C20 /* SwiftProtobuf.framework */; settings = {ATTRIBUTES = (CodeSignOnCopy, RemoveHeadersOnCopy, ); }; };
		4D23EEBA22EF3517003A9C20 /* Peer.swift in Sources */ = {isa = PBXBuildFile; fileRef = 4D23EEB922EF3517003A9C20 /* Peer.swift */; };
		4D23EEBC22EF3A5E003A9C20 /* RateLimiter.swift in Sources */ = {isa = PBXBuildFile; fileRef = 4D23EEBB22EF3A5E003A9C20 /* RateLimiter.swift */; };
/* End PBXBuildFile section */

/* Begin PBXContainerItemProxy section */
		4D23EDE722EECBE5003A9C20 /* PBXContainerItemProxy */ = {
			isa = PBXContainerItemProxy;
			containerPortal = 4D23EDC722EECBE4003A9C20 /* Project object */;
			proxyType = 1;
			remoteGlobalIDString = 4D23EDCE22EECBE4003A9C20;
			remoteInfo = VowLink;
		};
		4D23EDF222EECBE5003A9C20 /* PBXContainerItemProxy */ = {
			isa = PBXContainerItemProxy;
			containerPortal = 4D23EDC722EECBE4003A9C20 /* Project object */;
			proxyType = 1;
			remoteGlobalIDString = 4D23EDCE22EECBE4003A9C20;
			remoteInfo = VowLink;
		};
		4D23EE7822EF2CEE003A9C20 /* PBXContainerItemProxy */ = {
			isa = PBXContainerItemProxy;
			containerPortal = 4D23EE6D22EF2CEE003A9C20 /* Sodium.xcodeproj */;
			proxyType = 2;
			remoteGlobalIDString = 09A943C71A4EB5F500C8A04F;
			remoteInfo = Sodium_iOS;
		};
		4D23EE7A22EF2CEE003A9C20 /* PBXContainerItemProxy */ = {
			isa = PBXContainerItemProxy;
			containerPortal = 4D23EE6D22EF2CEE003A9C20 /* Sodium.xcodeproj */;
			proxyType = 2;
			remoteGlobalIDString = 09A943D21A4EB5F500C8A04F;
			remoteInfo = SodiumTests;
		};
		4D23EE7C22EF2CEE003A9C20 /* PBXContainerItemProxy */ = {
			isa = PBXContainerItemProxy;
			containerPortal = 4D23EE6D22EF2CEE003A9C20 /* Sodium.xcodeproj */;
			proxyType = 2;
			remoteGlobalIDString = 90C75E941AE3571900F1E749;
			remoteInfo = Sodium_OSX;
		};
		4D23EE7E22EF2CEE003A9C20 /* PBXContainerItemProxy */ = {
			isa = PBXContainerItemProxy;
			containerPortal = 4D23EE6D22EF2CEE003A9C20 /* Sodium.xcodeproj */;
			proxyType = 2;
			remoteGlobalIDString = D891FE9421642CB40092AA84;
			remoteInfo = Sodium_watchOS;
		};
		4D23EE8022EF2CEE003A9C20 /* PBXContainerItemProxy */ = {
			isa = PBXContainerItemProxy;
			containerPortal = 4D23EE6D22EF2CEE003A9C20 /* Sodium.xcodeproj */;
			proxyType = 2;
			remoteGlobalIDString = 901644B61AE36EA700163E3E;
			remoteInfo = "Example iOS";
		};
		4D23EE8222EF2CEE003A9C20 /* PBXContainerItemProxy */ = {
			isa = PBXContainerItemProxy;
			containerPortal = 4D23EE6D22EF2CEE003A9C20 /* Sodium.xcodeproj */;
			proxyType = 2;
			remoteGlobalIDString = 901644DC1AE36F2D00163E3E;
			remoteInfo = "Example OSX";
		};
		4D23EE8422EF2CEE003A9C20 /* PBXContainerItemProxy */ = {
			isa = PBXContainerItemProxy;
			containerPortal = 4D23EE6D22EF2CEE003A9C20 /* Sodium.xcodeproj */;
			proxyType = 2;
			remoteGlobalIDString = D87D515521647597006D2C03;
			remoteInfo = "Example Watch";
		};
		4D23EE8622EF2CEE003A9C20 /* PBXContainerItemProxy */ = {
			isa = PBXContainerItemProxy;
			containerPortal = 4D23EE6D22EF2CEE003A9C20 /* Sodium.xcodeproj */;
			proxyType = 2;
			remoteGlobalIDString = D87D516121647598006D2C03;
			remoteInfo = "Example Watch Extension";
		};
		4D23EE9222EF2CEF003A9C20 /* PBXContainerItemProxy */ = {
			isa = PBXContainerItemProxy;
			containerPortal = 4D23EE8822EF2CEE003A9C20 /* SwiftProtobuf.xcodeproj */;
			proxyType = 2;
			remoteGlobalIDString = "_____Product_Protobuf_macOS";
			remoteInfo = SwiftProtobuf_macOS;
		};
		4D23EE9422EF2CEF003A9C20 /* PBXContainerItemProxy */ = {
			isa = PBXContainerItemProxy;
			containerPortal = 4D23EE8822EF2CEE003A9C20 /* SwiftProtobuf.xcodeproj */;
			proxyType = 2;
			remoteGlobalIDString = "_____Product_ProtobufTestSuite_macOS";
			remoteInfo = SwiftProtobufTestSuite_macOS;
		};
		4D23EE9622EF2CEF003A9C20 /* PBXContainerItemProxy */ = {
			isa = PBXContainerItemProxy;
			containerPortal = 4D23EE8822EF2CEE003A9C20 /* SwiftProtobuf.xcodeproj */;
			proxyType = 2;
			remoteGlobalIDString = "_____Product_Protobuf_iOS";
			remoteInfo = SwiftProtobuf_iOS;
		};
		4D23EE9822EF2CEF003A9C20 /* PBXContainerItemProxy */ = {
			isa = PBXContainerItemProxy;
			containerPortal = 4D23EE8822EF2CEE003A9C20 /* SwiftProtobuf.xcodeproj */;
			proxyType = 2;
			remoteGlobalIDString = "_____Product_ProtobufTestSuite_iOS";
			remoteInfo = SwiftProtobufTestSuite_iOS;
		};
		4D23EE9A22EF2CEF003A9C20 /* PBXContainerItemProxy */ = {
			isa = PBXContainerItemProxy;
			containerPortal = 4D23EE8822EF2CEE003A9C20 /* SwiftProtobuf.xcodeproj */;
			proxyType = 2;
			remoteGlobalIDString = F44F936F1DAEA53900BC5B85;
			remoteInfo = SwiftProtobuf_tvOS;
		};
		4D23EE9C22EF2CEF003A9C20 /* PBXContainerItemProxy */ = {
			isa = PBXContainerItemProxy;
			containerPortal = 4D23EE8822EF2CEE003A9C20 /* SwiftProtobuf.xcodeproj */;
			proxyType = 2;
			remoteGlobalIDString = F44F939F1DAEA7C500BC5B85;
			remoteInfo = SwiftProtobufTestSuite_tvOS;
		};
		4D23EE9E22EF2CEF003A9C20 /* PBXContainerItemProxy */ = {
			isa = PBXContainerItemProxy;
			containerPortal = 4D23EE8822EF2CEE003A9C20 /* SwiftProtobuf.xcodeproj */;
			proxyType = 2;
			remoteGlobalIDString = F44F93FE1DAEB13F00BC5B85;
			remoteInfo = SwiftProtobuf_watchOS;
		};
		4D23EEA922EF2DD5003A9C20 /* PBXContainerItemProxy */ = {
			isa = PBXContainerItemProxy;
			containerPortal = 4D23EE6D22EF2CEE003A9C20 /* Sodium.xcodeproj */;
			proxyType = 1;
			remoteGlobalIDString = 09A943C61A4EB5F500C8A04F;
			remoteInfo = Sodium_iOS;
		};
		4D23EEAD22EF2DD5003A9C20 /* PBXContainerItemProxy */ = {
			isa = PBXContainerItemProxy;
			containerPortal = 4D23EE8822EF2CEE003A9C20 /* SwiftProtobuf.xcodeproj */;
			proxyType = 1;
			remoteGlobalIDString = BD12FD351D767BA0001815C7;
			remoteInfo = SwiftProtobuf_iOS;
		};
		4D23EEB222EF2E13003A9C20 /* PBXContainerItemProxy */ = {
			isa = PBXContainerItemProxy;
			containerPortal = 4D23EE6D22EF2CEE003A9C20 /* Sodium.xcodeproj */;
			proxyType = 1;
			remoteGlobalIDString = 09A943C61A4EB5F500C8A04F;
			remoteInfo = Sodium_iOS;
		};
		4D23EEB622EF2E13003A9C20 /* PBXContainerItemProxy */ = {
			isa = PBXContainerItemProxy;
			containerPortal = 4D23EE8822EF2CEE003A9C20 /* SwiftProtobuf.xcodeproj */;
			proxyType = 1;
			remoteGlobalIDString = BD12FD351D767BA0001815C7;
			remoteInfo = SwiftProtobuf_iOS;
		};
/* End PBXContainerItemProxy section */

/* Begin PBXCopyFilesBuildPhase section */
		4D23EE0722EF0C79003A9C20 /* CopyFiles */ = {
			isa = PBXCopyFilesBuildPhase;
			buildActionMask = 2147483647;
			dstPath = "";
			dstSubfolderSpec = 7;
			files = (
			);
			runOnlyForDeploymentPostprocessing = 0;
		};
		4D23EEB822EF2E13003A9C20 /* Embed Frameworks */ = {
			isa = PBXCopyFilesBuildPhase;
			buildActionMask = 2147483647;
			dstPath = "";
			dstSubfolderSpec = 10;
			files = (
				4D23EEB122EF2E13003A9C20 /* Sodium.framework in Embed Frameworks */,
				4D23EEB522EF2E13003A9C20 /* SwiftProtobuf.framework in Embed Frameworks */,
			);
			name = "Embed Frameworks";
			runOnlyForDeploymentPostprocessing = 0;
		};
/* End PBXCopyFilesBuildPhase section */

/* Begin PBXFileReference section */
		4D23EDCF22EECBE4003A9C20 /* VowLink.app */ = {isa = PBXFileReference; explicitFileType = wrapper.application; includeInIndex = 0; path = VowLink.app; sourceTree = BUILT_PRODUCTS_DIR; };
		4D23EDD222EECBE4003A9C20 /* AppDelegate.swift */ = {isa = PBXFileReference; lastKnownFileType = sourcecode.swift; path = AppDelegate.swift; sourceTree = "<group>"; };
		4D23EDD422EECBE4003A9C20 /* ViewController.swift */ = {isa = PBXFileReference; lastKnownFileType = sourcecode.swift; path = ViewController.swift; sourceTree = "<group>"; };
		4D23EDD722EECBE5003A9C20 /* Base */ = {isa = PBXFileReference; lastKnownFileType = file.storyboard; name = Base; path = Base.lproj/Main.storyboard; sourceTree = "<group>"; };
		4D23EDDA22EECBE5003A9C20 /* VowLink.xcdatamodel */ = {isa = PBXFileReference; lastKnownFileType = wrapper.xcdatamodel; path = VowLink.xcdatamodel; sourceTree = "<group>"; };
		4D23EDDC22EECBE5003A9C20 /* Assets.xcassets */ = {isa = PBXFileReference; lastKnownFileType = folder.assetcatalog; path = Assets.xcassets; sourceTree = "<group>"; };
		4D23EDDF22EECBE5003A9C20 /* Base */ = {isa = PBXFileReference; lastKnownFileType = file.storyboard; name = Base; path = Base.lproj/LaunchScreen.storyboard; sourceTree = "<group>"; };
		4D23EDE122EECBE5003A9C20 /* Info.plist */ = {isa = PBXFileReference; lastKnownFileType = text.plist.xml; path = Info.plist; sourceTree = "<group>"; };
		4D23EDE622EECBE5003A9C20 /* VowLinkTests.xctest */ = {isa = PBXFileReference; explicitFileType = wrapper.cfbundle; includeInIndex = 0; path = VowLinkTests.xctest; sourceTree = BUILT_PRODUCTS_DIR; };
		4D23EDEA22EECBE5003A9C20 /* VowLinkTests.swift */ = {isa = PBXFileReference; lastKnownFileType = sourcecode.swift; path = VowLinkTests.swift; sourceTree = "<group>"; };
		4D23EDEC22EECBE5003A9C20 /* Info.plist */ = {isa = PBXFileReference; lastKnownFileType = text.plist.xml; path = Info.plist; sourceTree = "<group>"; };
		4D23EDF122EECBE5003A9C20 /* VowLinkUITests.xctest */ = {isa = PBXFileReference; explicitFileType = wrapper.cfbundle; includeInIndex = 0; path = VowLinkUITests.xctest; sourceTree = BUILT_PRODUCTS_DIR; };
		4D23EDF522EECBE5003A9C20 /* VowLinkUITests.swift */ = {isa = PBXFileReference; lastKnownFileType = sourcecode.swift; path = VowLinkUITests.swift; sourceTree = "<group>"; };
		4D23EDF722EECBE5003A9C20 /* Info.plist */ = {isa = PBXFileReference; lastKnownFileType = text.plist.xml; path = Info.plist; sourceTree = "<group>"; };
		4D23EE0322EECBFD003A9C20 /* PeerToPeer.swift */ = {isa = PBXFileReference; lastKnownFileType = sourcecode.swift; path = PeerToPeer.swift; sourceTree = "<group>"; };
		4D23EE2C22EF1EBC003A9C20 /* messages.pb.swift */ = {isa = PBXFileReference; fileEncoding = 4; lastKnownFileType = sourcecode.swift; path = messages.pb.swift; sourceTree = "<group>"; };
		4D23EE6D22EF2CEE003A9C20 /* Sodium.xcodeproj */ = {isa = PBXFileReference; lastKnownFileType = "wrapper.pb-project"; name = Sodium.xcodeproj; path = deps/Sodium/Sodium.xcodeproj; sourceTree = SOURCE_ROOT; };
		4D23EE8822EF2CEE003A9C20 /* SwiftProtobuf.xcodeproj */ = {isa = PBXFileReference; lastKnownFileType = "wrapper.pb-project"; name = SwiftProtobuf.xcodeproj; path = deps/SwiftProtobuf/SwiftProtobuf.xcodeproj; sourceTree = SOURCE_ROOT; };
		4D23EEB922EF3517003A9C20 /* Peer.swift */ = {isa = PBXFileReference; lastKnownFileType = sourcecode.swift; path = Peer.swift; sourceTree = "<group>"; };
		4D23EEBB22EF3A5E003A9C20 /* RateLimiter.swift */ = {isa = PBXFileReference; lastKnownFileType = sourcecode.swift; path = RateLimiter.swift; sourceTree = "<group>"; };
/* End PBXFileReference section */

/* Begin PBXFrameworksBuildPhase section */
		4D23EDCC22EECBE4003A9C20 /* Frameworks */ = {
			isa = PBXFrameworksBuildPhase;
			buildActionMask = 2147483647;
			files = (
				4D23EEB022EF2E13003A9C20 /* Sodium.framework in Frameworks */,
				4D23EEB422EF2E13003A9C20 /* SwiftProtobuf.framework in Frameworks */,
			);
			runOnlyForDeploymentPostprocessing = 0;
		};
		4D23EDE322EECBE5003A9C20 /* Frameworks */ = {
			isa = PBXFrameworksBuildPhase;
			buildActionMask = 2147483647;
			files = (
			);
			runOnlyForDeploymentPostprocessing = 0;
		};
		4D23EDEE22EECBE5003A9C20 /* Frameworks */ = {
			isa = PBXFrameworksBuildPhase;
			buildActionMask = 2147483647;
			files = (
			);
			runOnlyForDeploymentPostprocessing = 0;
		};
/* End PBXFrameworksBuildPhase section */

/* Begin PBXGroup section */
		4D23EDC622EECBE4003A9C20 = {
			isa = PBXGroup;
			children = (
				4D23EDD122EECBE4003A9C20 /* VowLink */,
				4D23EDE922EECBE5003A9C20 /* VowLinkTests */,
				4D23EDF422EECBE5003A9C20 /* VowLinkUITests */,
				4D23EDD022EECBE4003A9C20 /* Products */,
				4D23EE2A22EF1DD1003A9C20 /* Frameworks */,
			);
			sourceTree = "<group>";
		};
		4D23EDD022EECBE4003A9C20 /* Products */ = {
			isa = PBXGroup;
			children = (
				4D23EDCF22EECBE4003A9C20 /* VowLink.app */,
				4D23EDE622EECBE5003A9C20 /* VowLinkTests.xctest */,
				4D23EDF122EECBE5003A9C20 /* VowLinkUITests.xctest */,
			);
			name = Products;
			sourceTree = "<group>";
		};
		4D23EDD122EECBE4003A9C20 /* VowLink */ = {
			isa = PBXGroup;
			children = (
				4D23EE6D22EF2CEE003A9C20 /* Sodium.xcodeproj */,
				4D23EE8822EF2CEE003A9C20 /* SwiftProtobuf.xcodeproj */,
				4D23EE2C22EF1EBC003A9C20 /* messages.pb.swift */,
				4D23EDD222EECBE4003A9C20 /* AppDelegate.swift */,
				4D23EDD422EECBE4003A9C20 /* ViewController.swift */,
				4D23EDD622EECBE5003A9C20 /* Main.storyboard */,
				4D23EDDC22EECBE5003A9C20 /* Assets.xcassets */,
				4D23EDDE22EECBE5003A9C20 /* LaunchScreen.storyboard */,
				4D23EDE122EECBE5003A9C20 /* Info.plist */,
				4D23EDD922EECBE5003A9C20 /* VowLink.xcdatamodeld */,
				4D23EE0322EECBFD003A9C20 /* PeerToPeer.swift */,
				4D23EEB922EF3517003A9C20 /* Peer.swift */,
				4D23EEBB22EF3A5E003A9C20 /* RateLimiter.swift */,
			);
			path = VowLink;
			sourceTree = "<group>";
		};
		4D23EDE922EECBE5003A9C20 /* VowLinkTests */ = {
			isa = PBXGroup;
			children = (
				4D23EDEA22EECBE5003A9C20 /* VowLinkTests.swift */,
				4D23EDEC22EECBE5003A9C20 /* Info.plist */,
			);
			path = VowLinkTests;
			sourceTree = "<group>";
		};
		4D23EDF422EECBE5003A9C20 /* VowLinkUITests */ = {
			isa = PBXGroup;
			children = (
				4D23EDF522EECBE5003A9C20 /* VowLinkUITests.swift */,
				4D23EDF722EECBE5003A9C20 /* Info.plist */,
			);
			path = VowLinkUITests;
			sourceTree = "<group>";
		};
		4D23EE2A22EF1DD1003A9C20 /* Frameworks */ = {
			isa = PBXGroup;
			children = (
			);
			name = Frameworks;
			sourceTree = "<group>";
		};
		4D23EE6E22EF2CEE003A9C20 /* Products */ = {
			isa = PBXGroup;
			children = (
				4D23EE7922EF2CEE003A9C20 /* Sodium.framework */,
				4D23EE7B22EF2CEE003A9C20 /* SodiumTests.xctest */,
				4D23EE7D22EF2CEE003A9C20 /* Sodium.framework */,
				4D23EE7F22EF2CEE003A9C20 /* Sodium.framework */,
				4D23EE8122EF2CEE003A9C20 /* Example iOS.app */,
				4D23EE8322EF2CEE003A9C20 /* Example OSX.app */,
				4D23EE8522EF2CEE003A9C20 /* Example Watch.app */,
				4D23EE8722EF2CEE003A9C20 /* Example Watch Extension.appex */,
			);
			name = Products;
			sourceTree = "<group>";
		};
		4D23EE8922EF2CEE003A9C20 /* Products */ = {
			isa = PBXGroup;
			children = (
				4D23EE9322EF2CEF003A9C20 /* SwiftProtobuf.framework */,
				4D23EE9522EF2CEF003A9C20 /* SwiftProtobufTests.xctest */,
				4D23EE9722EF2CEF003A9C20 /* SwiftProtobuf.framework */,
				4D23EE9922EF2CEF003A9C20 /* SwiftProtobufTests.xctest */,
				4D23EE9B22EF2CEF003A9C20 /* SwiftProtobuf.framework */,
				4D23EE9D22EF2CEF003A9C20 /* SwiftProtobufTests.xctest */,
				4D23EE9F22EF2CEF003A9C20 /* SwiftProtobuf.framework */,
			);
			name = Products;
			sourceTree = "<group>";
		};
/* End PBXGroup section */

/* Begin PBXNativeTarget section */
		4D23EDCE22EECBE4003A9C20 /* VowLink */ = {
			isa = PBXNativeTarget;
			buildConfigurationList = 4D23EDFA22EECBE5003A9C20 /* Build configuration list for PBXNativeTarget "VowLink" */;
			buildPhases = (
				4D23EDCB22EECBE4003A9C20 /* Sources */,
				4D23EDCC22EECBE4003A9C20 /* Frameworks */,
				4D23EDCD22EECBE4003A9C20 /* Resources */,
				4D23EE0722EF0C79003A9C20 /* CopyFiles */,
				4D23EEB822EF2E13003A9C20 /* Embed Frameworks */,
			);
			buildRules = (
			);
			dependencies = (
				4D23EEAA22EF2DD5003A9C20 /* PBXTargetDependency */,
				4D23EEAE22EF2DD5003A9C20 /* PBXTargetDependency */,
				4D23EEB322EF2E13003A9C20 /* PBXTargetDependency */,
				4D23EEB722EF2E13003A9C20 /* PBXTargetDependency */,
			);
			name = VowLink;
			productName = VowLink;
			productReference = 4D23EDCF22EECBE4003A9C20 /* VowLink.app */;
			productType = "com.apple.product-type.application";
		};
		4D23EDE522EECBE5003A9C20 /* VowLinkTests */ = {
			isa = PBXNativeTarget;
			buildConfigurationList = 4D23EDFD22EECBE5003A9C20 /* Build configuration list for PBXNativeTarget "VowLinkTests" */;
			buildPhases = (
				4D23EDE222EECBE5003A9C20 /* Sources */,
				4D23EDE322EECBE5003A9C20 /* Frameworks */,
				4D23EDE422EECBE5003A9C20 /* Resources */,
			);
			buildRules = (
			);
			dependencies = (
				4D23EDE822EECBE5003A9C20 /* PBXTargetDependency */,
			);
			name = VowLinkTests;
			productName = VowLinkTests;
			productReference = 4D23EDE622EECBE5003A9C20 /* VowLinkTests.xctest */;
			productType = "com.apple.product-type.bundle.unit-test";
		};
		4D23EDF022EECBE5003A9C20 /* VowLinkUITests */ = {
			isa = PBXNativeTarget;
			buildConfigurationList = 4D23EE0022EECBE5003A9C20 /* Build configuration list for PBXNativeTarget "VowLinkUITests" */;
			buildPhases = (
				4D23EDED22EECBE5003A9C20 /* Sources */,
				4D23EDEE22EECBE5003A9C20 /* Frameworks */,
				4D23EDEF22EECBE5003A9C20 /* Resources */,
			);
			buildRules = (
			);
			dependencies = (
				4D23EDF322EECBE5003A9C20 /* PBXTargetDependency */,
			);
			name = VowLinkUITests;
			productName = VowLinkUITests;
			productReference = 4D23EDF122EECBE5003A9C20 /* VowLinkUITests.xctest */;
			productType = "com.apple.product-type.bundle.ui-testing";
		};
/* End PBXNativeTarget section */

/* Begin PBXProject section */
		4D23EDC722EECBE4003A9C20 /* Project object */ = {
			isa = PBXProject;
			attributes = {
				LastSwiftUpdateCheck = 1030;
				LastUpgradeCheck = 1030;
				ORGANIZATIONNAME = "Indutnyy, Fedor";
				TargetAttributes = {
					4D23EDCE22EECBE4003A9C20 = {
						CreatedOnToolsVersion = 10.3;
					};
					4D23EDE522EECBE5003A9C20 = {
						CreatedOnToolsVersion = 10.3;
						TestTargetID = 4D23EDCE22EECBE4003A9C20;
					};
					4D23EDF022EECBE5003A9C20 = {
						CreatedOnToolsVersion = 10.3;
						TestTargetID = 4D23EDCE22EECBE4003A9C20;
					};
				};
			};
			buildConfigurationList = 4D23EDCA22EECBE4003A9C20 /* Build configuration list for PBXProject "VowLink" */;
			compatibilityVersion = "Xcode 9.3";
			developmentRegion = en;
			hasScannedForEncodings = 0;
			knownRegions = (
				en,
				Base,
			);
			mainGroup = 4D23EDC622EECBE4003A9C20;
			productRefGroup = 4D23EDD022EECBE4003A9C20 /* Products */;
			projectDirPath = "";
			projectReferences = (
				{
					ProductGroup = 4D23EE6E22EF2CEE003A9C20 /* Products */;
					ProjectRef = 4D23EE6D22EF2CEE003A9C20 /* Sodium.xcodeproj */;
				},
				{
					ProductGroup = 4D23EE8922EF2CEE003A9C20 /* Products */;
					ProjectRef = 4D23EE8822EF2CEE003A9C20 /* SwiftProtobuf.xcodeproj */;
				},
			);
			projectRoot = "";
			targets = (
				4D23EDCE22EECBE4003A9C20 /* VowLink */,
				4D23EDE522EECBE5003A9C20 /* VowLinkTests */,
				4D23EDF022EECBE5003A9C20 /* VowLinkUITests */,
			);
		};
/* End PBXProject section */

/* Begin PBXReferenceProxy section */
		4D23EE7922EF2CEE003A9C20 /* Sodium.framework */ = {
			isa = PBXReferenceProxy;
			fileType = wrapper.framework;
			path = Sodium.framework;
			remoteRef = 4D23EE7822EF2CEE003A9C20 /* PBXContainerItemProxy */;
			sourceTree = BUILT_PRODUCTS_DIR;
		};
		4D23EE7B22EF2CEE003A9C20 /* SodiumTests.xctest */ = {
			isa = PBXReferenceProxy;
			fileType = wrapper.cfbundle;
			path = SodiumTests.xctest;
			remoteRef = 4D23EE7A22EF2CEE003A9C20 /* PBXContainerItemProxy */;
			sourceTree = BUILT_PRODUCTS_DIR;
		};
		4D23EE7D22EF2CEE003A9C20 /* Sodium.framework */ = {
			isa = PBXReferenceProxy;
			fileType = wrapper.framework;
			path = Sodium.framework;
			remoteRef = 4D23EE7C22EF2CEE003A9C20 /* PBXContainerItemProxy */;
			sourceTree = BUILT_PRODUCTS_DIR;
		};
		4D23EE7F22EF2CEE003A9C20 /* Sodium.framework */ = {
			isa = PBXReferenceProxy;
			fileType = wrapper.framework;
			path = Sodium.framework;
			remoteRef = 4D23EE7E22EF2CEE003A9C20 /* PBXContainerItemProxy */;
			sourceTree = BUILT_PRODUCTS_DIR;
		};
		4D23EE8122EF2CEE003A9C20 /* Example iOS.app */ = {
			isa = PBXReferenceProxy;
			fileType = wrapper.application;
			path = "Example iOS.app";
			remoteRef = 4D23EE8022EF2CEE003A9C20 /* PBXContainerItemProxy */;
			sourceTree = BUILT_PRODUCTS_DIR;
		};
		4D23EE8322EF2CEE003A9C20 /* Example OSX.app */ = {
			isa = PBXReferenceProxy;
			fileType = wrapper.application;
			path = "Example OSX.app";
			remoteRef = 4D23EE8222EF2CEE003A9C20 /* PBXContainerItemProxy */;
			sourceTree = BUILT_PRODUCTS_DIR;
		};
		4D23EE8522EF2CEE003A9C20 /* Example Watch.app */ = {
			isa = PBXReferenceProxy;
			fileType = wrapper.application;
			path = "Example Watch.app";
			remoteRef = 4D23EE8422EF2CEE003A9C20 /* PBXContainerItemProxy */;
			sourceTree = BUILT_PRODUCTS_DIR;
		};
		4D23EE8722EF2CEE003A9C20 /* Example Watch Extension.appex */ = {
			isa = PBXReferenceProxy;
			fileType = "wrapper.app-extension";
			path = "Example Watch Extension.appex";
			remoteRef = 4D23EE8622EF2CEE003A9C20 /* PBXContainerItemProxy */;
			sourceTree = BUILT_PRODUCTS_DIR;
		};
		4D23EE9322EF2CEF003A9C20 /* SwiftProtobuf.framework */ = {
			isa = PBXReferenceProxy;
			fileType = wrapper.framework;
			path = SwiftProtobuf.framework;
			remoteRef = 4D23EE9222EF2CEF003A9C20 /* PBXContainerItemProxy */;
			sourceTree = BUILT_PRODUCTS_DIR;
		};
		4D23EE9522EF2CEF003A9C20 /* SwiftProtobufTests.xctest */ = {
			isa = PBXReferenceProxy;
			fileType = wrapper.cfbundle;
			path = SwiftProtobufTests.xctest;
			remoteRef = 4D23EE9422EF2CEF003A9C20 /* PBXContainerItemProxy */;
			sourceTree = BUILT_PRODUCTS_DIR;
		};
		4D23EE9722EF2CEF003A9C20 /* SwiftProtobuf.framework */ = {
			isa = PBXReferenceProxy;
			fileType = wrapper.framework;
			path = SwiftProtobuf.framework;
			remoteRef = 4D23EE9622EF2CEF003A9C20 /* PBXContainerItemProxy */;
			sourceTree = BUILT_PRODUCTS_DIR;
		};
		4D23EE9922EF2CEF003A9C20 /* SwiftProtobufTests.xctest */ = {
			isa = PBXReferenceProxy;
			fileType = wrapper.cfbundle;
			path = SwiftProtobufTests.xctest;
			remoteRef = 4D23EE9822EF2CEF003A9C20 /* PBXContainerItemProxy */;
			sourceTree = BUILT_PRODUCTS_DIR;
		};
		4D23EE9B22EF2CEF003A9C20 /* SwiftProtobuf.framework */ = {
			isa = PBXReferenceProxy;
			fileType = wrapper.framework;
			path = SwiftProtobuf.framework;
			remoteRef = 4D23EE9A22EF2CEF003A9C20 /* PBXContainerItemProxy */;
			sourceTree = BUILT_PRODUCTS_DIR;
		};
		4D23EE9D22EF2CEF003A9C20 /* SwiftProtobufTests.xctest */ = {
			isa = PBXReferenceProxy;
			fileType = wrapper.cfbundle;
			path = SwiftProtobufTests.xctest;
			remoteRef = 4D23EE9C22EF2CEF003A9C20 /* PBXContainerItemProxy */;
			sourceTree = BUILT_PRODUCTS_DIR;
		};
		4D23EE9F22EF2CEF003A9C20 /* SwiftProtobuf.framework */ = {
			isa = PBXReferenceProxy;
			fileType = wrapper.framework;
			path = SwiftProtobuf.framework;
			remoteRef = 4D23EE9E22EF2CEF003A9C20 /* PBXContainerItemProxy */;
			sourceTree = BUILT_PRODUCTS_DIR;
		};
/* End PBXReferenceProxy section */

/* Begin PBXResourcesBuildPhase section */
		4D23EDCD22EECBE4003A9C20 /* Resources */ = {
			isa = PBXResourcesBuildPhase;
			buildActionMask = 2147483647;
			files = (
				4D23EDE022EECBE5003A9C20 /* LaunchScreen.storyboard in Resources */,
				4D23EDDD22EECBE5003A9C20 /* Assets.xcassets in Resources */,
				4D23EDD822EECBE5003A9C20 /* Main.storyboard in Resources */,
			);
			runOnlyForDeploymentPostprocessing = 0;
		};
		4D23EDE422EECBE5003A9C20 /* Resources */ = {
			isa = PBXResourcesBuildPhase;
			buildActionMask = 2147483647;
			files = (
			);
			runOnlyForDeploymentPostprocessing = 0;
		};
		4D23EDEF22EECBE5003A9C20 /* Resources */ = {
			isa = PBXResourcesBuildPhase;
			buildActionMask = 2147483647;
			files = (
			);
			runOnlyForDeploymentPostprocessing = 0;
		};
/* End PBXResourcesBuildPhase section */

/* Begin PBXSourcesBuildPhase section */
		4D23EDCB22EECBE4003A9C20 /* Sources */ = {
			isa = PBXSourcesBuildPhase;
			buildActionMask = 2147483647;
			files = (
				4D23EE2D22EF1EBC003A9C20 /* messages.pb.swift in Sources */,
				4D23EDD522EECBE4003A9C20 /* ViewController.swift in Sources */,
				4D23EDDB22EECBE5003A9C20 /* VowLink.xcdatamodeld in Sources */,
				4D23EEBA22EF3517003A9C20 /* Peer.swift in Sources */,
				4D23EEBC22EF3A5E003A9C20 /* RateLimiter.swift in Sources */,
				4D23EE0422EECBFD003A9C20 /* PeerToPeer.swift in Sources */,
				4D23EDD322EECBE4003A9C20 /* AppDelegate.swift in Sources */,
			);
			runOnlyForDeploymentPostprocessing = 0;
		};
		4D23EDE222EECBE5003A9C20 /* Sources */ = {
			isa = PBXSourcesBuildPhase;
			buildActionMask = 2147483647;
			files = (
				4D23EDEB22EECBE5003A9C20 /* VowLinkTests.swift in Sources */,
			);
			runOnlyForDeploymentPostprocessing = 0;
		};
		4D23EDED22EECBE5003A9C20 /* Sources */ = {
			isa = PBXSourcesBuildPhase;
			buildActionMask = 2147483647;
			files = (
				4D23EDF622EECBE5003A9C20 /* VowLinkUITests.swift in Sources */,
			);
			runOnlyForDeploymentPostprocessing = 0;
		};
/* End PBXSourcesBuildPhase section */

/* Begin PBXTargetDependency section */
		4D23EDE822EECBE5003A9C20 /* PBXTargetDependency */ = {
			isa = PBXTargetDependency;
			target = 4D23EDCE22EECBE4003A9C20 /* VowLink */;
			targetProxy = 4D23EDE722EECBE5003A9C20 /* PBXContainerItemProxy */;
		};
		4D23EDF322EECBE5003A9C20 /* PBXTargetDependency */ = {
			isa = PBXTargetDependency;
			target = 4D23EDCE22EECBE4003A9C20 /* VowLink */;
			targetProxy = 4D23EDF222EECBE5003A9C20 /* PBXContainerItemProxy */;
		};
		4D23EEAA22EF2DD5003A9C20 /* PBXTargetDependency */ = {
			isa = PBXTargetDependency;
			name = Sodium_iOS;
			targetProxy = 4D23EEA922EF2DD5003A9C20 /* PBXContainerItemProxy */;
		};
		4D23EEAE22EF2DD5003A9C20 /* PBXTargetDependency */ = {
			isa = PBXTargetDependency;
			name = SwiftProtobuf_iOS;
			targetProxy = 4D23EEAD22EF2DD5003A9C20 /* PBXContainerItemProxy */;
		};
		4D23EEB322EF2E13003A9C20 /* PBXTargetDependency */ = {
			isa = PBXTargetDependency;
			name = Sodium_iOS;
			targetProxy = 4D23EEB222EF2E13003A9C20 /* PBXContainerItemProxy */;
		};
		4D23EEB722EF2E13003A9C20 /* PBXTargetDependency */ = {
			isa = PBXTargetDependency;
			name = SwiftProtobuf_iOS;
			targetProxy = 4D23EEB622EF2E13003A9C20 /* PBXContainerItemProxy */;
		};
/* End PBXTargetDependency section */

/* Begin PBXVariantGroup section */
		4D23EDD622EECBE5003A9C20 /* Main.storyboard */ = {
			isa = PBXVariantGroup;
			children = (
				4D23EDD722EECBE5003A9C20 /* Base */,
			);
			name = Main.storyboard;
			sourceTree = "<group>";
		};
		4D23EDDE22EECBE5003A9C20 /* LaunchScreen.storyboard */ = {
			isa = PBXVariantGroup;
			children = (
				4D23EDDF22EECBE5003A9C20 /* Base */,
			);
			name = LaunchScreen.storyboard;
			sourceTree = "<group>";
		};
/* End PBXVariantGroup section */

/* Begin XCBuildConfiguration section */
		4D23EDF822EECBE5003A9C20 /* Debug */ = {
			isa = XCBuildConfiguration;
			buildSettings = {
				ALWAYS_SEARCH_USER_PATHS = NO;
				CLANG_ANALYZER_NONNULL = YES;
				CLANG_ANALYZER_NUMBER_OBJECT_CONVERSION = YES_AGGRESSIVE;
				CLANG_CXX_LANGUAGE_STANDARD = "gnu++14";
				CLANG_CXX_LIBRARY = "libc++";
				CLANG_ENABLE_MODULES = YES;
				CLANG_ENABLE_OBJC_ARC = YES;
				CLANG_ENABLE_OBJC_WEAK = YES;
				CLANG_WARN_BLOCK_CAPTURE_AUTORELEASING = YES;
				CLANG_WARN_BOOL_CONVERSION = YES;
				CLANG_WARN_COMMA = YES;
				CLANG_WARN_CONSTANT_CONVERSION = YES;
				CLANG_WARN_DEPRECATED_OBJC_IMPLEMENTATIONS = YES;
				CLANG_WARN_DIRECT_OBJC_ISA_USAGE = YES_ERROR;
				CLANG_WARN_DOCUMENTATION_COMMENTS = YES;
				CLANG_WARN_EMPTY_BODY = YES;
				CLANG_WARN_ENUM_CONVERSION = YES;
				CLANG_WARN_INFINITE_RECURSION = YES;
				CLANG_WARN_INT_CONVERSION = YES;
				CLANG_WARN_NON_LITERAL_NULL_CONVERSION = YES;
				CLANG_WARN_OBJC_IMPLICIT_RETAIN_SELF = YES;
				CLANG_WARN_OBJC_LITERAL_CONVERSION = YES;
				CLANG_WARN_OBJC_ROOT_CLASS = YES_ERROR;
				CLANG_WARN_RANGE_LOOP_ANALYSIS = YES;
				CLANG_WARN_STRICT_PROTOTYPES = YES;
				CLANG_WARN_SUSPICIOUS_MOVE = YES;
				CLANG_WARN_UNGUARDED_AVAILABILITY = YES_AGGRESSIVE;
				CLANG_WARN_UNREACHABLE_CODE = YES;
				CLANG_WARN__DUPLICATE_METHOD_MATCH = YES;
				CODE_SIGN_IDENTITY = "iPhone Developer";
				COPY_PHASE_STRIP = NO;
				DEBUG_INFORMATION_FORMAT = dwarf;
				ENABLE_STRICT_OBJC_MSGSEND = YES;
				ENABLE_TESTABILITY = YES;
				GCC_C_LANGUAGE_STANDARD = gnu11;
				GCC_DYNAMIC_NO_PIC = NO;
				GCC_NO_COMMON_BLOCKS = YES;
				GCC_OPTIMIZATION_LEVEL = 0;
				GCC_PREPROCESSOR_DEFINITIONS = (
					"DEBUG=1",
					"$(inherited)",
				);
				GCC_WARN_64_TO_32_BIT_CONVERSION = YES;
				GCC_WARN_ABOUT_RETURN_TYPE = YES_ERROR;
				GCC_WARN_UNDECLARED_SELECTOR = YES;
				GCC_WARN_UNINITIALIZED_AUTOS = YES_AGGRESSIVE;
				GCC_WARN_UNUSED_FUNCTION = YES;
				GCC_WARN_UNUSED_VARIABLE = YES;
				IPHONEOS_DEPLOYMENT_TARGET = 12.4;
				MTL_ENABLE_DEBUG_INFO = INCLUDE_SOURCE;
				MTL_FAST_MATH = YES;
				ONLY_ACTIVE_ARCH = YES;
				SDKROOT = iphoneos;
				SWIFT_ACTIVE_COMPILATION_CONDITIONS = DEBUG;
				SWIFT_OPTIMIZATION_LEVEL = "-Onone";
			};
			name = Debug;
		};
		4D23EDF922EECBE5003A9C20 /* Release */ = {
			isa = XCBuildConfiguration;
			buildSettings = {
				ALWAYS_SEARCH_USER_PATHS = NO;
				CLANG_ANALYZER_NONNULL = YES;
				CLANG_ANALYZER_NUMBER_OBJECT_CONVERSION = YES_AGGRESSIVE;
				CLANG_CXX_LANGUAGE_STANDARD = "gnu++14";
				CLANG_CXX_LIBRARY = "libc++";
				CLANG_ENABLE_MODULES = YES;
				CLANG_ENABLE_OBJC_ARC = YES;
				CLANG_ENABLE_OBJC_WEAK = YES;
				CLANG_WARN_BLOCK_CAPTURE_AUTORELEASING = YES;
				CLANG_WARN_BOOL_CONVERSION = YES;
				CLANG_WARN_COMMA = YES;
				CLANG_WARN_CONSTANT_CONVERSION = YES;
				CLANG_WARN_DEPRECATED_OBJC_IMPLEMENTATIONS = YES;
				CLANG_WARN_DIRECT_OBJC_ISA_USAGE = YES_ERROR;
				CLANG_WARN_DOCUMENTATION_COMMENTS = YES;
				CLANG_WARN_EMPTY_BODY = YES;
				CLANG_WARN_ENUM_CONVERSION = YES;
				CLANG_WARN_INFINITE_RECURSION = YES;
				CLANG_WARN_INT_CONVERSION = YES;
				CLANG_WARN_NON_LITERAL_NULL_CONVERSION = YES;
				CLANG_WARN_OBJC_IMPLICIT_RETAIN_SELF = YES;
				CLANG_WARN_OBJC_LITERAL_CONVERSION = YES;
				CLANG_WARN_OBJC_ROOT_CLASS = YES_ERROR;
				CLANG_WARN_RANGE_LOOP_ANALYSIS = YES;
				CLANG_WARN_STRICT_PROTOTYPES = YES;
				CLANG_WARN_SUSPICIOUS_MOVE = YES;
				CLANG_WARN_UNGUARDED_AVAILABILITY = YES_AGGRESSIVE;
				CLANG_WARN_UNREACHABLE_CODE = YES;
				CLANG_WARN__DUPLICATE_METHOD_MATCH = YES;
				CODE_SIGN_IDENTITY = "iPhone Developer";
				COPY_PHASE_STRIP = NO;
				DEBUG_INFORMATION_FORMAT = "dwarf-with-dsym";
				ENABLE_NS_ASSERTIONS = NO;
				ENABLE_STRICT_OBJC_MSGSEND = YES;
				GCC_C_LANGUAGE_STANDARD = gnu11;
				GCC_NO_COMMON_BLOCKS = YES;
				GCC_WARN_64_TO_32_BIT_CONVERSION = YES;
				GCC_WARN_ABOUT_RETURN_TYPE = YES_ERROR;
				GCC_WARN_UNDECLARED_SELECTOR = YES;
				GCC_WARN_UNINITIALIZED_AUTOS = YES_AGGRESSIVE;
				GCC_WARN_UNUSED_FUNCTION = YES;
				GCC_WARN_UNUSED_VARIABLE = YES;
				IPHONEOS_DEPLOYMENT_TARGET = 12.4;
				MTL_ENABLE_DEBUG_INFO = NO;
				MTL_FAST_MATH = YES;
				SDKROOT = iphoneos;
				SWIFT_COMPILATION_MODE = wholemodule;
				SWIFT_OPTIMIZATION_LEVEL = "-O";
				VALIDATE_PRODUCT = YES;
			};
			name = Release;
		};
		4D23EDFB22EECBE5003A9C20 /* Debug */ = {
			isa = XCBuildConfiguration;
			buildSettings = {
				ALWAYS_EMBED_SWIFT_STANDARD_LIBRARIES = YES;
				ASSETCATALOG_COMPILER_APPICON_NAME = AppIcon;
				CODE_SIGN_STYLE = Automatic;
				DEVELOPMENT_TEAM = VHWE95VV4E;
				FRAMEWORK_SEARCH_PATHS = "$(inherited)";
				INFOPLIST_FILE = VowLink/Info.plist;
				LD_RUNPATH_SEARCH_PATHS = (
					"$(inherited)",
					"@executable_path/Frameworks",
				);
				LIBRARY_SEARCH_PATHS = "$(inherited)";
				PRODUCT_BUNDLE_IDENTIFIER = com.indutny.VowLink;
				PRODUCT_NAME = "$(TARGET_NAME)";
				SWIFT_INCLUDE_PATHS = "$(inherited)";
				SWIFT_VERSION = 5.0;
				TARGETED_DEVICE_FAMILY = "1,2";
			};
			name = Debug;
		};
		4D23EDFC22EECBE5003A9C20 /* Release */ = {
			isa = XCBuildConfiguration;
			buildSettings = {
				ALWAYS_EMBED_SWIFT_STANDARD_LIBRARIES = YES;
				ASSETCATALOG_COMPILER_APPICON_NAME = AppIcon;
				CODE_SIGN_STYLE = Automatic;
				DEVELOPMENT_TEAM = VHWE95VV4E;
				FRAMEWORK_SEARCH_PATHS = "$(inherited)";
				INFOPLIST_FILE = VowLink/Info.plist;
				LD_RUNPATH_SEARCH_PATHS = (
					"$(inherited)",
					"@executable_path/Frameworks",
				);
				LIBRARY_SEARCH_PATHS = "$(inherited)";
				PRODUCT_BUNDLE_IDENTIFIER = com.indutny.VowLink;
				PRODUCT_NAME = "$(TARGET_NAME)";
				SWIFT_INCLUDE_PATHS = "$(inherited)";
				SWIFT_VERSION = 5.0;
				TARGETED_DEVICE_FAMILY = "1,2";
			};
			name = Release;
		};
		4D23EDFE22EECBE5003A9C20 /* Debug */ = {
			isa = XCBuildConfiguration;
			buildSettings = {
				ALWAYS_EMBED_SWIFT_STANDARD_LIBRARIES = YES;
				BUNDLE_LOADER = "$(TEST_HOST)";
				CODE_SIGN_STYLE = Automatic;
				DEVELOPMENT_TEAM = VHWE95VV4E;
				INFOPLIST_FILE = VowLinkTests/Info.plist;
				LD_RUNPATH_SEARCH_PATHS = (
					"$(inherited)",
					"@executable_path/Frameworks",
					"@loader_path/Frameworks",
				);
				PRODUCT_BUNDLE_IDENTIFIER = com.indutny.VowLinkTests;
				PRODUCT_NAME = "$(TARGET_NAME)";
				SWIFT_VERSION = 5.0;
				TARGETED_DEVICE_FAMILY = "1,2";
				TEST_HOST = "$(BUILT_PRODUCTS_DIR)/VowLink.app/VowLink";
			};
			name = Debug;
		};
		4D23EDFF22EECBE5003A9C20 /* Release */ = {
			isa = XCBuildConfiguration;
			buildSettings = {
				ALWAYS_EMBED_SWIFT_STANDARD_LIBRARIES = YES;
				BUNDLE_LOADER = "$(TEST_HOST)";
				CODE_SIGN_STYLE = Automatic;
				DEVELOPMENT_TEAM = VHWE95VV4E;
				INFOPLIST_FILE = VowLinkTests/Info.plist;
				LD_RUNPATH_SEARCH_PATHS = (
					"$(inherited)",
					"@executable_path/Frameworks",
					"@loader_path/Frameworks",
				);
				PRODUCT_BUNDLE_IDENTIFIER = com.indutny.VowLinkTests;
				PRODUCT_NAME = "$(TARGET_NAME)";
				SWIFT_VERSION = 5.0;
				TARGETED_DEVICE_FAMILY = "1,2";
				TEST_HOST = "$(BUILT_PRODUCTS_DIR)/VowLink.app/VowLink";
			};
			name = Release;
		};
		4D23EE0122EECBE5003A9C20 /* Debug */ = {
			isa = XCBuildConfiguration;
			buildSettings = {
				ALWAYS_EMBED_SWIFT_STANDARD_LIBRARIES = YES;
				CODE_SIGN_STYLE = Automatic;
				DEVELOPMENT_TEAM = VHWE95VV4E;
				INFOPLIST_FILE = VowLinkUITests/Info.plist;
				LD_RUNPATH_SEARCH_PATHS = (
					"$(inherited)",
					"@executable_path/Frameworks",
					"@loader_path/Frameworks",
				);
				PRODUCT_BUNDLE_IDENTIFIER = com.indutny.VowLinkUITests;
				PRODUCT_NAME = "$(TARGET_NAME)";
				SWIFT_VERSION = 5.0;
				TARGETED_DEVICE_FAMILY = "1,2";
				TEST_TARGET_NAME = VowLink;
			};
			name = Debug;
		};
		4D23EE0222EECBE5003A9C20 /* Release */ = {
			isa = XCBuildConfiguration;
			buildSettings = {
				ALWAYS_EMBED_SWIFT_STANDARD_LIBRARIES = YES;
				CODE_SIGN_STYLE = Automatic;
				DEVELOPMENT_TEAM = VHWE95VV4E;
				INFOPLIST_FILE = VowLinkUITests/Info.plist;
				LD_RUNPATH_SEARCH_PATHS = (
					"$(inherited)",
					"@executable_path/Frameworks",
					"@loader_path/Frameworks",
				);
				PRODUCT_BUNDLE_IDENTIFIER = com.indutny.VowLinkUITests;
				PRODUCT_NAME = "$(TARGET_NAME)";
				SWIFT_VERSION = 5.0;
				TARGETED_DEVICE_FAMILY = "1,2";
				TEST_TARGET_NAME = VowLink;
			};
			name = Release;
		};
/* End XCBuildConfiguration section */

/* Begin XCConfigurationList section */
		4D23EDCA22EECBE4003A9C20 /* Build configuration list for PBXProject "VowLink" */ = {
			isa = XCConfigurationList;
			buildConfigurations = (
				4D23EDF822EECBE5003A9C20 /* Debug */,
				4D23EDF922EECBE5003A9C20 /* Release */,
			);
			defaultConfigurationIsVisible = 0;
			defaultConfigurationName = Release;
		};
		4D23EDFA22EECBE5003A9C20 /* Build configuration list for PBXNativeTarget "VowLink" */ = {
			isa = XCConfigurationList;
			buildConfigurations = (
				4D23EDFB22EECBE5003A9C20 /* Debug */,
				4D23EDFC22EECBE5003A9C20 /* Release */,
			);
			defaultConfigurationIsVisible = 0;
			defaultConfigurationName = Release;
		};
		4D23EDFD22EECBE5003A9C20 /* Build configuration list for PBXNativeTarget "VowLinkTests" */ = {
			isa = XCConfigurationList;
			buildConfigurations = (
				4D23EDFE22EECBE5003A9C20 /* Debug */,
				4D23EDFF22EECBE5003A9C20 /* Release */,
			);
			defaultConfigurationIsVisible = 0;
			defaultConfigurationName = Release;
		};
		4D23EE0022EECBE5003A9C20 /* Build configuration list for PBXNativeTarget "VowLinkUITests" */ = {
			isa = XCConfigurationList;
			buildConfigurations = (
				4D23EE0122EECBE5003A9C20 /* Debug */,
				4D23EE0222EECBE5003A9C20 /* Release */,
			);
			defaultConfigurationIsVisible = 0;
			defaultConfigurationName = Release;
		};
/* End XCConfigurationList section */

/* Begin XCVersionGroup section */
		4D23EDD922EECBE5003A9C20 /* VowLink.xcdatamodeld */ = {
			isa = XCVersionGroup;
			children = (
				4D23EDDA22EECBE5003A9C20 /* VowLink.xcdatamodel */,
			);
			currentVersion = 4D23EDDA22EECBE5003A9C20 /* VowLink.xcdatamodel */;
			path = VowLink.xcdatamodeld;
			sourceTree = "<group>";
			versionGroupType = wrapper.xcdatamodel;
		};
/* End XCVersionGroup section */
	};
	rootObject = 4D23EDC722EECBE4003A9C20 /* Project object */;
}
